
Microsoft Visual Studio Solution File, Format Version 12.00
# Visual Studio Version 16
VisualStudioVersion = 16.0.32630.194
MinimumVisualStudioVersion = 10.0.40219.1
Project("{FAE04EC0-301F-11D3-BF4B-00C04F79EFBC}") = "MiddlewareProject", "MiddlewareProject\MiddlewareProject.csproj", "{AF4EB560-6B9B-4353-81BF-D8EF82A20866}"
EndProject
Global
	GlobalSection(SolutionConfigurationPlatforms) = preSolution
		Debug|Any CPU = Debug|Any CPU
		Release|Any CPU = Release|Any CPU
	EndGlobalSection
	GlobalSection(ProjectConfigurationPlatforms) = postSolution
		{AF4EB560-6B9B-4353-81BF-D8EF82A20866}.Debug|Any CPU.ActiveCfg = Debug|Any CPU
		{AF4EB560-6B9B-4353-81BF-D8EF82A20866}.Debug|Any CPU.Build.0 = Debug|Any CPU
		{AF4EB560-6B9B-4353-81BF-D8EF82A20866}.Release|Any CPU.ActiveCfg = Release|Any CPU
		{AF4EB560-6B9B-4353-81BF-D8EF82A20866}.Release|Any CPU.Build.0 = Release|Any CPU
	EndGlobalSection
	GlobalSection(SolutionProperties) = preSolution
		HideSolutionNode = FALSE
	EndGlobalSection
	GlobalSection(ExtensibilityGlobals) = postSolution
		SolutionGuid = {558842FE-F8D1-45CA-82DB-D17867646D8D}
	EndGlobalSection
EndGlobal
